
Microsoft Visual Studio Solution File, Format Version 12.00
# Visual Studio Version 17
VisualStudioVersion = 17.4.33122.133
MinimumVisualStudioVersion = 10.0.40219.1
Project("{FAE04EC0-301F-11D3-BF4B-00C04F79EFBC}") = "MauiBlazor", "..\Frontend\src\MauiBlazor\MauiBlazor.csproj", "{EDD5133E-81C3-4FA3-B822-2206A9C2D0FB}"
EndProject
Global
	GlobalSection(SolutionConfigurationPlatforms) = preSolution
		Debug|Any CPU = Debug|Any CPU
		Release|Any CPU = Release|Any CPU
	EndGlobalSection
	GlobalSection(ProjectConfigurationPlatforms) = postSolution
		{EDD5133E-81C3-4FA3-B822-2206A9C2D0FB}.Debug|Any CPU.ActiveCfg = Debug|Any CPU
		{EDD5133E-81C3-4FA3-B822-2206A9C2D0FB}.Debug|Any CPU.Build.0 = Debug|Any CPU
		{EDD5133E-81C3-4FA3-B822-2206A9C2D0FB}.Debug|Any CPU.Deploy.0 = Debug|Any CPU
		{EDD5133E-81C3-4FA3-B822-2206A9C2D0FB}.Release|Any CPU.ActiveCfg = Release|Any CPU
		{EDD5133E-81C3-4FA3-B822-2206A9C2D0FB}.Release|Any CPU.Build.0 = Release|Any CPU
		{EDD5133E-81C3-4FA3-B822-2206A9C2D0FB}.Release|Any CPU.Deploy.0 = Release|Any CPU
	EndGlobalSection
	GlobalSection(SolutionProperties) = preSolution
		HideSolutionNode = FALSE
	EndGlobalSection
	GlobalSection(ExtensibilityGlobals) = postSolution
		SolutionGuid = {C34E73DB-B43B-45D1-B08A-7F29676BF661}
	EndGlobalSection
EndGlobal
